
Microsoft Visual Studio Solution File, Format Version 12.00
# Visual Studio Version 17
VisualStudioVersion = 17.12.35707.178
MinimumVisualStudioVersion = 10.0.40219.1
Project("{FAE04EC0-301F-11D3-BF4B-00C04F79EFBC}") = "Fishing", "Fishing\Fishing.csproj", "{84A67DD4-2451-4CAF-9F5D-56BEEDF8E3A7}"
EndProject
Project("{FAE04EC0-301F-11D3-BF4B-00C04F79EFBC}") = "OpenCVForm", "OpenCVForm\OpenCVForm.csproj", "{A027ADC5-D06A-41D4-A4A9-D447857F007B}"
EndProject
Project("{FAE04EC0-301F-11D3-BF4B-00C04F79EFBC}") = "WindowsDll", "WindowsDll\WindowsDll.csproj", "{B5A51A91-C355-4CBA-A785-E273C419929C}"
EndProject
Project("{FAE04EC0-301F-11D3-BF4B-00C04F79EFBC}") = "NAudioForm", "NAudioForm\NAudioForm.csproj", "{1301BAED-87C4-455A-A337-C23A940B61C3}"
EndProject
Project("{FAE04EC0-301F-11D3-BF4B-00C04F79EFBC}") = "AutoScript", "AutoScript\AutoScript.csproj", "{180DA0EE-8FCD-42A2-9AFE-D23CACD8B966}"
EndProject
Project("{FAE04EC0-301F-11D3-BF4B-00C04F79EFBC}") = "HookScript", "HookScript\HookScript.csproj", "{6BD35DCD-6CB5-45EE-8848-0B72B4D03D45}"
EndProject
Project("{FAE04EC0-301F-11D3-BF4B-00C04F79EFBC}") = "KernelImport", "KernelImport\KernelImport.csproj", "{4A9A2C32-86DA-47A4-B82B-401BE0DDC4C9}"
EndProject
Project("{FAE04EC0-301F-11D3-BF4B-00C04F79EFBC}") = "WowScript", "WowScript\WowScript.csproj", "{46FF6B51-C95F-463E-A456-F3AC17618461}"
EndProject
Project("{2150E333-8FDC-42A3-9474-1A3956D46DE8}") = "HookScripts", "HookScripts", "{98698920-6736-4EF6-A625-49885B799A75}"
EndProject
Project("{2150E333-8FDC-42A3-9474-1A3956D46DE8}") = "ThirdLibs", "ThirdLibs", "{5D672D08-BFA9-49FE-AD04-0DF8883F7A5A}"
EndProject
Project("{FAE04EC0-301F-11D3-BF4B-00C04F79EFBC}") = "LogDll", "LogDll\LogDll.csproj", "{B29C8547-C42C-48F2-92A9-C0AA7F264E8F}"
EndProject
Project("{FAE04EC0-301F-11D3-BF4B-00C04F79EFBC}") = "Dota2Automate", "Dota2Automate\Dota2Automate.csproj", "{2B6E1D1B-B724-4FFF-B671-CB146699F5B7}"
EndProject
Project("{FAE04EC0-301F-11D3-BF4B-00C04F79EFBC}") = "Dota2Script", "Dota2Script\Dota2Script.csproj", "{456E67CC-30D3-4724-9F57-C0251BC7E036}"
EndProject
Global
	GlobalSection(SolutionConfigurationPlatforms) = preSolution
		Debug|Any CPU = Debug|Any CPU
		Release|Any CPU = Release|Any CPU
	EndGlobalSection
	GlobalSection(ProjectConfigurationPlatforms) = postSolution
		{84A67DD4-2451-4CAF-9F5D-56BEEDF8E3A7}.Debug|Any CPU.ActiveCfg = Debug|Any CPU
		{84A67DD4-2451-4CAF-9F5D-56BEEDF8E3A7}.Debug|Any CPU.Build.0 = Debug|Any CPU
		{84A67DD4-2451-4CAF-9F5D-56BEEDF8E3A7}.Release|Any CPU.ActiveCfg = Release|Any CPU
		{84A67DD4-2451-4CAF-9F5D-56BEEDF8E3A7}.Release|Any CPU.Build.0 = Release|Any CPU
		{A027ADC5-D06A-41D4-A4A9-D447857F007B}.Debug|Any CPU.ActiveCfg = Debug|Any CPU
		{A027ADC5-D06A-41D4-A4A9-D447857F007B}.Debug|Any CPU.Build.0 = Debug|Any CPU
		{A027ADC5-D06A-41D4-A4A9-D447857F007B}.Release|Any CPU.ActiveCfg = Release|Any CPU
		{A027ADC5-D06A-41D4-A4A9-D447857F007B}.Release|Any CPU.Build.0 = Release|Any CPU
		{B5A51A91-C355-4CBA-A785-E273C419929C}.Debug|Any CPU.ActiveCfg = Debug|Any CPU
		{B5A51A91-C355-4CBA-A785-E273C419929C}.Debug|Any CPU.Build.0 = Debug|Any CPU
		{B5A51A91-C355-4CBA-A785-E273C419929C}.Release|Any CPU.ActiveCfg = Release|Any CPU
		{B5A51A91-C355-4CBA-A785-E273C419929C}.Release|Any CPU.Build.0 = Release|Any CPU
		{1301BAED-87C4-455A-A337-C23A940B61C3}.Debug|Any CPU.ActiveCfg = Debug|Any CPU
		{1301BAED-87C4-455A-A337-C23A940B61C3}.Debug|Any CPU.Build.0 = Debug|Any CPU
		{1301BAED-87C4-455A-A337-C23A940B61C3}.Release|Any CPU.ActiveCfg = Release|Any CPU
		{1301BAED-87C4-455A-A337-C23A940B61C3}.Release|Any CPU.Build.0 = Release|Any CPU
		{180DA0EE-8FCD-42A2-9AFE-D23CACD8B966}.Debug|Any CPU.ActiveCfg = Debug|Any CPU
		{180DA0EE-8FCD-42A2-9AFE-D23CACD8B966}.Debug|Any CPU.Build.0 = Debug|Any CPU
		{180DA0EE-8FCD-42A2-9AFE-D23CACD8B966}.Release|Any CPU.ActiveCfg = Release|Any CPU
		{180DA0EE-8FCD-42A2-9AFE-D23CACD8B966}.Release|Any CPU.Build.0 = Release|Any CPU
		{6BD35DCD-6CB5-45EE-8848-0B72B4D03D45}.Debug|Any CPU.ActiveCfg = Debug|Any CPU
		{6BD35DCD-6CB5-45EE-8848-0B72B4D03D45}.Debug|Any CPU.Build.0 = Debug|Any CPU
		{6BD35DCD-6CB5-45EE-8848-0B72B4D03D45}.Release|Any CPU.ActiveCfg = Release|Any CPU
		{6BD35DCD-6CB5-45EE-8848-0B72B4D03D45}.Release|Any CPU.Build.0 = Release|Any CPU
		{4A9A2C32-86DA-47A4-B82B-401BE0DDC4C9}.Debug|Any CPU.ActiveCfg = Debug|Any CPU
		{4A9A2C32-86DA-47A4-B82B-401BE0DDC4C9}.Debug|Any CPU.Build.0 = Debug|Any CPU
		{4A9A2C32-86DA-47A4-B82B-401BE0DDC4C9}.Release|Any CPU.ActiveCfg = Release|Any CPU
		{4A9A2C32-86DA-47A4-B82B-401BE0DDC4C9}.Release|Any CPU.Build.0 = Release|Any CPU
		{46FF6B51-C95F-463E-A456-F3AC17618461}.Debug|Any CPU.ActiveCfg = Debug|Any CPU
		{46FF6B51-C95F-463E-A456-F3AC17618461}.Debug|Any CPU.Build.0 = Debug|Any CPU
		{46FF6B51-C95F-463E-A456-F3AC17618461}.Release|Any CPU.ActiveCfg = Release|Any CPU
		{46FF6B51-C95F-463E-A456-F3AC17618461}.Release|Any CPU.Build.0 = Release|Any CPU
		{B29C8547-C42C-48F2-92A9-C0AA7F264E8F}.Debug|Any CPU.ActiveCfg = Debug|Any CPU
		{B29C8547-C42C-48F2-92A9-C0AA7F264E8F}.Debug|Any CPU.Build.0 = Debug|Any CPU
		{B29C8547-C42C-48F2-92A9-C0AA7F264E8F}.Release|Any CPU.ActiveCfg = Release|Any CPU
		{B29C8547-C42C-48F2-92A9-C0AA7F264E8F}.Release|Any CPU.Build.0 = Release|Any CPU
		{2B6E1D1B-B724-4FFF-B671-CB146699F5B7}.Debug|Any CPU.ActiveCfg = Debug|Any CPU
		{2B6E1D1B-B724-4FFF-B671-CB146699F5B7}.Debug|Any CPU.Build.0 = Debug|Any CPU
		{2B6E1D1B-B724-4FFF-B671-CB146699F5B7}.Release|Any CPU.ActiveCfg = Release|Any CPU
		{2B6E1D1B-B724-4FFF-B671-CB146699F5B7}.Release|Any CPU.Build.0 = Release|Any CPU
		{456E67CC-30D3-4724-9F57-C0251BC7E036}.Debug|Any CPU.ActiveCfg = Debug|Any CPU
		{456E67CC-30D3-4724-9F57-C0251BC7E036}.Debug|Any CPU.Build.0 = Debug|Any CPU
		{456E67CC-30D3-4724-9F57-C0251BC7E036}.Release|Any CPU.ActiveCfg = Release|Any CPU
		{456E67CC-30D3-4724-9F57-C0251BC7E036}.Release|Any CPU.Build.0 = Release|Any CPU
	EndGlobalSection
	GlobalSection(SolutionProperties) = preSolution
		HideSolutionNode = FALSE
	EndGlobalSection
	GlobalSection(NestedProjects) = preSolution
		{A027ADC5-D06A-41D4-A4A9-D447857F007B} = {5D672D08-BFA9-49FE-AD04-0DF8883F7A5A}
		{B5A51A91-C355-4CBA-A785-E273C419929C} = {98698920-6736-4EF6-A625-49885B799A75}
		{1301BAED-87C4-455A-A337-C23A940B61C3} = {5D672D08-BFA9-49FE-AD04-0DF8883F7A5A}
		{180DA0EE-8FCD-42A2-9AFE-D23CACD8B966} = {98698920-6736-4EF6-A625-49885B799A75}
		{6BD35DCD-6CB5-45EE-8848-0B72B4D03D45} = {98698920-6736-4EF6-A625-49885B799A75}
		{4A9A2C32-86DA-47A4-B82B-401BE0DDC4C9} = {98698920-6736-4EF6-A625-49885B799A75}
		{46FF6B51-C95F-463E-A456-F3AC17618461} = {98698920-6736-4EF6-A625-49885B799A75}
		{456E67CC-30D3-4724-9F57-C0251BC7E036} = {98698920-6736-4EF6-A625-49885B799A75}
	EndGlobalSection
EndGlobal
